
Microsoft Visual Studio Solution File, Format Version 12.00
# Visual Studio Version 17
VisualStudioVersion = 17.12.35309.182
MinimumVisualStudioVersion = 10.0.40219.1
Project("{FAE04EC0-301F-11D3-BF4B-00C04F79EFBC}") = "3DProjection", "3DProjection.csproj", "{CCBA48C8-3837-45A3-8845-F5FFB35AB670}"
EndProject
Global
	GlobalSection(SolutionConfigurationPlatforms) = preSolution
		Debug|Any CPU = Debug|Any CPU
		Release|Any CPU = Release|Any CPU
	EndGlobalSection
	GlobalSection(ProjectConfigurationPlatforms) = postSolution
		{CCBA48C8-3837-45A3-8845-F5FFB35AB670}.Debug|Any CPU.ActiveCfg = Debug|Any CPU
		{CCBA48C8-3837-45A3-8845-F5FFB35AB670}.Debug|Any CPU.Build.0 = Debug|Any CPU
		{CCBA48C8-3837-45A3-8845-F5FFB35AB670}.Release|Any CPU.ActiveCfg = Release|Any CPU
		{CCBA48C8-3837-45A3-8845-F5FFB35AB670}.Release|Any CPU.Build.0 = Release|Any CPU
	EndGlobalSection
	GlobalSection(SolutionProperties) = preSolution
		HideSolutionNode = FALSE
	EndGlobalSection
	GlobalSection(ExtensibilityGlobals) = postSolution
		SolutionGuid = {68E954B7-B429-4F24-B79C-0FBA99654044}
	EndGlobalSection
EndGlobal
